
Microsoft Visual Studio Solution File, Format Version 12.00
# Visual Studio Version 17
VisualStudioVersion = 17.8.34408.163
MinimumVisualStudioVersion = 10.0.40219.1
Project("{8BC9CEB8-8B4A-11D0-8D11-00A0C91BC942}") = "Helloworld", "Helloworld.vcxproj", "{F8AAA15F-AA94-4487-AF39-A5CA47F380E8}"
EndProject
Global
	GlobalSection(SolutionConfigurationPlatforms) = preSolution
		Debug|x64 = Debug|x64
		Debug|x86 = Debug|x86
		Release|x64 = Release|x64
		Release|x86 = Release|x86
	EndGlobalSection
	GlobalSection(ProjectConfigurationPlatforms) = postSolution
		{F8AAA15F-AA94-4487-AF39-A5CA47F380E8}.Debug|x64.ActiveCfg = Debug|x64
		{F8AAA15F-AA94-4487-AF39-A5CA47F380E8}.Debug|x64.Build.0 = Debug|x64
		{F8AAA15F-AA94-4487-AF39-A5CA47F380E8}.Debug|x86.ActiveCfg = Debug|Win32
		{F8AAA15F-AA94-4487-AF39-A5CA47F380E8}.Debug|x86.Build.0 = Debug|Win32
		{F8AAA15F-AA94-4487-AF39-A5CA47F380E8}.Release|x64.ActiveCfg = Release|x64
		{F8AAA15F-AA94-4487-AF39-A5CA47F380E8}.Release|x64.Build.0 = Release|x64
		{F8AAA15F-AA94-4487-AF39-A5CA47F380E8}.Release|x86.ActiveCfg = Release|Win32
		{F8AAA15F-AA94-4487-AF39-A5CA47F380E8}.Release|x86.Build.0 = Release|Win32
	EndGlobalSection
	GlobalSection(SolutionProperties) = preSolution
		HideSolutionNode = FALSE
	EndGlobalSection
	GlobalSection(ExtensibilityGlobals) = postSolution
		SolutionGuid = {1EF5FAD8-E051-4263-AC14-D2C9CC8009B5}
	EndGlobalSection
EndGlobal
